
Microsoft Visual Studio Solution File, Format Version 12.00
Project("{2150E333-8FDC-42A3-9474-1A3956D46DE8}") = "Booking", "Booking", "{E00C9256-4CAD-48C1-9C27-5465AC42291E}"
EndProject
Project("{2150E333-8FDC-42A3-9474-1A3956D46DE8}") = "Invoicing", "Invoicing", "{110747FA-FC28-4093-A094-D2147A09AAFB}"
EndProject
Project("{2150E333-8FDC-42A3-9474-1A3956D46DE8}") = "FrontDesk", "FrontDesk", "{C021B15C-A8E4-4A56-A88B-3C5FD1748128}"
EndProject
Project("{2150E333-8FDC-42A3-9474-1A3956D46DE8}") = "Messaging", "Messaging", "{D8294336-3D7A-410E-A630-52B06F785A66}"
EndProject
Project("{2150E333-8FDC-42A3-9474-1A3956D46DE8}") = "Booking.Domain", "Booking.Domain", "{FB22C265-6ECD-4155-B172-55659B33EAF4}"
EndProject
Project("{2150E333-8FDC-42A3-9474-1A3956D46DE8}") = "Booking.Data", "Booking.Data", "{A7BA27FF-B0E1-488A-920A-A117F457B5F1}"
EndProject
Project("{2150E333-8FDC-42A3-9474-1A3956D46DE8}") = "Invoicing.Data", "Invoicing.Data", "{2DF6B629-6773-4275-947A-91EAAE7E6245}"
EndProject
Project("{2150E333-8FDC-42A3-9474-1A3956D46DE8}") = "Invoicing.Domain", "Invoicing.Domain", "{56E3F761-6190-41BB-99DF-70BA8B21A13B}"
EndProject
Project("{2150E333-8FDC-42A3-9474-1A3956D46DE8}") = "FrontDesk.Data", "FrontDesk.Data", "{EDB410C7-58C0-4EB5-9314-0BD071422475}"
EndProject
Project("{2150E333-8FDC-42A3-9474-1A3956D46DE8}") = "FrontDesk.Domain", "FrontDesk.Domain", "{58C1688C-2331-4971-89E7-4974793416FB}"
EndProject
Project("{FAE04EC0-301F-11D3-BF4B-00C04F79EFBC}") = "Booking.Domain", "Booking.Domain\Booking.Domain.csproj", "{C899DF05-B3F5-4491-A1F5-697FBF65E0B3}"
EndProject
Project("{FAE04EC0-301F-11D3-BF4B-00C04F79EFBC}") = "Booking.Dto", "Booking.Dto\Booking.Dto.csproj", "{B4027182-71EB-4623-8704-9B6A9CDF3130}"
EndProject
Project("{FAE04EC0-301F-11D3-BF4B-00C04F79EFBC}") = "Booking.Data", "Booking.Data\Booking.Data.csproj", "{923A6A9F-E7C6-4B29-B044-128F1C71E4F7}"
EndProject
Project("{FAE04EC0-301F-11D3-BF4B-00C04F79EFBC}") = "FrontDesk.Data", "FrontDesk.Data\FrontDesk.Data.csproj", "{F2641F75-6C5A-4F30-A199-6D2E91B573DE}"
EndProject
Project("{FAE04EC0-301F-11D3-BF4B-00C04F79EFBC}") = "FrontDesk.Domain", "FrontDesk.Domain\FrontDesk.Domain.csproj", "{E4854D2C-1A12-4384-A149-24532A1DED8F}"
EndProject
Project("{FAE04EC0-301F-11D3-BF4B-00C04F79EFBC}") = "FrontDesk.Dto", "FrontDesk.Dto\FrontDesk.Dto.csproj", "{E5D61779-502A-4842-B161-7B96C1751E33}"
EndProject
Project("{FAE04EC0-301F-11D3-BF4B-00C04F79EFBC}") = "Invoicing.Data", "Invoicing.Data\Invoicing.Data.csproj", "{790B1001-4C97-49C5-A376-9EC5B8204256}"
EndProject
Project("{FAE04EC0-301F-11D3-BF4B-00C04F79EFBC}") = "Invoicing.Domain", "Invoicing.Domain\Invoicing.Domain.csproj", "{93D88EAD-F18C-4CAB-A8AE-2A48B81C8A86}"
EndProject
Project("{FAE04EC0-301F-11D3-BF4B-00C04F79EFBC}") = "Invoicing.Dto", "Invoicing.Dto\Invoicing.Dto.csproj", "{BAF971E0-F2C6-4697-9366-6438BC201E0F}"
EndProject
Project("{FAE04EC0-301F-11D3-BF4B-00C04F79EFBC}") = "HotelBooking.Events", "HotelBooking.Events\HotelBooking.Events.csproj", "{A8C88571-3F8B-4C14-ABFD-E78C0AAAA806}"
EndProject
Project("{FAE04EC0-301F-11D3-BF4B-00C04F79EFBC}") = "HotelBooking.Events.ServiceBus", "HotelBooking.Events.ServiceBus\HotelBooking.Events.ServiceBus.csproj", "{2B66F6CC-4A72-4B59-B4FC-7E9719297188}"
EndProject
Project("{FAE04EC0-301F-11D3-BF4B-00C04F79EFBC}") = "Booking.Accommodation.EventProcessor", "Booking.Accommodation.EventProcessor\Booking.Accommodation.EventProcessor.csproj", "{98C6DF6C-5E65-4C4C-9B1E-5ACAAD5D43B8}"
EndProject
Project("{FAE04EC0-301F-11D3-BF4B-00C04F79EFBC}") = "FrontDesk.Accommodation.EventProcessor", "FrontDesk.Accommodation.EventProcessor\FrontDesk.Accommodation.EventProcessor.csproj", "{8573B83C-D63D-42B6-B54A-2577A339518B}"
EndProject
Project("{FAE04EC0-301F-11D3-BF4B-00C04F79EFBC}") = "Invoicing.Accommodation.EventProcessor", "Invoicing.Accommodation.EventProcessor\Invoicing.Accommodation.EventProcessor.csproj", "{DC265555-B436-4038-9B8D-24871CFF1A31}"
EndProject
Project("{FAE04EC0-301F-11D3-BF4B-00C04F79EFBC}") = "Booking.Api", "Booking.Api\Booking.Api.csproj", "{D14C7699-9BB2-4D7F-83D7-E824003C0C3D}"
EndProject
Global
	GlobalSection(SolutionConfigurationPlatforms) = preSolution
		Debug|Any CPU = Debug|Any CPU
		Release|Any CPU = Release|Any CPU
	EndGlobalSection
	GlobalSection(NestedProjects) = preSolution
		{FB22C265-6ECD-4155-B172-55659B33EAF4} = {E00C9256-4CAD-48C1-9C27-5465AC42291E}
		{A7BA27FF-B0E1-488A-920A-A117F457B5F1} = {E00C9256-4CAD-48C1-9C27-5465AC42291E}
		{2DF6B629-6773-4275-947A-91EAAE7E6245} = {110747FA-FC28-4093-A094-D2147A09AAFB}
		{56E3F761-6190-41BB-99DF-70BA8B21A13B} = {110747FA-FC28-4093-A094-D2147A09AAFB}
		{EDB410C7-58C0-4EB5-9314-0BD071422475} = {C021B15C-A8E4-4A56-A88B-3C5FD1748128}
		{58C1688C-2331-4971-89E7-4974793416FB} = {C021B15C-A8E4-4A56-A88B-3C5FD1748128}
		{C899DF05-B3F5-4491-A1F5-697FBF65E0B3} = {FB22C265-6ECD-4155-B172-55659B33EAF4}
		{B4027182-71EB-4623-8704-9B6A9CDF3130} = {FB22C265-6ECD-4155-B172-55659B33EAF4}
		{923A6A9F-E7C6-4B29-B044-128F1C71E4F7} = {A7BA27FF-B0E1-488A-920A-A117F457B5F1}
		{F2641F75-6C5A-4F30-A199-6D2E91B573DE} = {EDB410C7-58C0-4EB5-9314-0BD071422475}
		{E4854D2C-1A12-4384-A149-24532A1DED8F} = {58C1688C-2331-4971-89E7-4974793416FB}
		{E5D61779-502A-4842-B161-7B96C1751E33} = {58C1688C-2331-4971-89E7-4974793416FB}
		{790B1001-4C97-49C5-A376-9EC5B8204256} = {2DF6B629-6773-4275-947A-91EAAE7E6245}
		{93D88EAD-F18C-4CAB-A8AE-2A48B81C8A86} = {56E3F761-6190-41BB-99DF-70BA8B21A13B}
		{BAF971E0-F2C6-4697-9366-6438BC201E0F} = {56E3F761-6190-41BB-99DF-70BA8B21A13B}
		{A8C88571-3F8B-4C14-ABFD-E78C0AAAA806} = {D8294336-3D7A-410E-A630-52B06F785A66}
		{2B66F6CC-4A72-4B59-B4FC-7E9719297188} = {D8294336-3D7A-410E-A630-52B06F785A66}
		{98C6DF6C-5E65-4C4C-9B1E-5ACAAD5D43B8} = {E00C9256-4CAD-48C1-9C27-5465AC42291E}
		{8573B83C-D63D-42B6-B54A-2577A339518B} = {C021B15C-A8E4-4A56-A88B-3C5FD1748128}
		{DC265555-B436-4038-9B8D-24871CFF1A31} = {110747FA-FC28-4093-A094-D2147A09AAFB}
		{D14C7699-9BB2-4D7F-83D7-E824003C0C3D} = {E00C9256-4CAD-48C1-9C27-5465AC42291E}
	EndGlobalSection
	GlobalSection(ProjectConfigurationPlatforms) = postSolution
		{C899DF05-B3F5-4491-A1F5-697FBF65E0B3}.Debug|Any CPU.ActiveCfg = Debug|Any CPU
		{C899DF05-B3F5-4491-A1F5-697FBF65E0B3}.Debug|Any CPU.Build.0 = Debug|Any CPU
		{C899DF05-B3F5-4491-A1F5-697FBF65E0B3}.Release|Any CPU.ActiveCfg = Release|Any CPU
		{C899DF05-B3F5-4491-A1F5-697FBF65E0B3}.Release|Any CPU.Build.0 = Release|Any CPU
		{B4027182-71EB-4623-8704-9B6A9CDF3130}.Debug|Any CPU.ActiveCfg = Debug|Any CPU
		{B4027182-71EB-4623-8704-9B6A9CDF3130}.Debug|Any CPU.Build.0 = Debug|Any CPU
		{B4027182-71EB-4623-8704-9B6A9CDF3130}.Release|Any CPU.ActiveCfg = Release|Any CPU
		{B4027182-71EB-4623-8704-9B6A9CDF3130}.Release|Any CPU.Build.0 = Release|Any CPU
		{923A6A9F-E7C6-4B29-B044-128F1C71E4F7}.Debug|Any CPU.ActiveCfg = Debug|Any CPU
		{923A6A9F-E7C6-4B29-B044-128F1C71E4F7}.Debug|Any CPU.Build.0 = Debug|Any CPU
		{923A6A9F-E7C6-4B29-B044-128F1C71E4F7}.Release|Any CPU.ActiveCfg = Release|Any CPU
		{923A6A9F-E7C6-4B29-B044-128F1C71E4F7}.Release|Any CPU.Build.0 = Release|Any CPU
		{F2641F75-6C5A-4F30-A199-6D2E91B573DE}.Debug|Any CPU.ActiveCfg = Debug|Any CPU
		{F2641F75-6C5A-4F30-A199-6D2E91B573DE}.Debug|Any CPU.Build.0 = Debug|Any CPU
		{F2641F75-6C5A-4F30-A199-6D2E91B573DE}.Release|Any CPU.ActiveCfg = Release|Any CPU
		{F2641F75-6C5A-4F30-A199-6D2E91B573DE}.Release|Any CPU.Build.0 = Release|Any CPU
		{E4854D2C-1A12-4384-A149-24532A1DED8F}.Debug|Any CPU.ActiveCfg = Debug|Any CPU
		{E4854D2C-1A12-4384-A149-24532A1DED8F}.Debug|Any CPU.Build.0 = Debug|Any CPU
		{E4854D2C-1A12-4384-A149-24532A1DED8F}.Release|Any CPU.ActiveCfg = Release|Any CPU
		{E4854D2C-1A12-4384-A149-24532A1DED8F}.Release|Any CPU.Build.0 = Release|Any CPU
		{E5D61779-502A-4842-B161-7B96C1751E33}.Debug|Any CPU.ActiveCfg = Debug|Any CPU
		{E5D61779-502A-4842-B161-7B96C1751E33}.Debug|Any CPU.Build.0 = Debug|Any CPU
		{E5D61779-502A-4842-B161-7B96C1751E33}.Release|Any CPU.ActiveCfg = Release|Any CPU
		{E5D61779-502A-4842-B161-7B96C1751E33}.Release|Any CPU.Build.0 = Release|Any CPU
		{790B1001-4C97-49C5-A376-9EC5B8204256}.Debug|Any CPU.ActiveCfg = Debug|Any CPU
		{790B1001-4C97-49C5-A376-9EC5B8204256}.Debug|Any CPU.Build.0 = Debug|Any CPU
		{790B1001-4C97-49C5-A376-9EC5B8204256}.Release|Any CPU.ActiveCfg = Release|Any CPU
		{790B1001-4C97-49C5-A376-9EC5B8204256}.Release|Any CPU.Build.0 = Release|Any CPU
		{93D88EAD-F18C-4CAB-A8AE-2A48B81C8A86}.Debug|Any CPU.ActiveCfg = Debug|Any CPU
		{93D88EAD-F18C-4CAB-A8AE-2A48B81C8A86}.Debug|Any CPU.Build.0 = Debug|Any CPU
		{93D88EAD-F18C-4CAB-A8AE-2A48B81C8A86}.Release|Any CPU.ActiveCfg = Release|Any CPU
		{93D88EAD-F18C-4CAB-A8AE-2A48B81C8A86}.Release|Any CPU.Build.0 = Release|Any CPU
		{BAF971E0-F2C6-4697-9366-6438BC201E0F}.Debug|Any CPU.ActiveCfg = Debug|Any CPU
		{BAF971E0-F2C6-4697-9366-6438BC201E0F}.Debug|Any CPU.Build.0 = Debug|Any CPU
		{BAF971E0-F2C6-4697-9366-6438BC201E0F}.Release|Any CPU.ActiveCfg = Release|Any CPU
		{BAF971E0-F2C6-4697-9366-6438BC201E0F}.Release|Any CPU.Build.0 = Release|Any CPU
		{A8C88571-3F8B-4C14-ABFD-E78C0AAAA806}.Debug|Any CPU.ActiveCfg = Debug|Any CPU
		{A8C88571-3F8B-4C14-ABFD-E78C0AAAA806}.Debug|Any CPU.Build.0 = Debug|Any CPU
		{A8C88571-3F8B-4C14-ABFD-E78C0AAAA806}.Release|Any CPU.ActiveCfg = Release|Any CPU
		{A8C88571-3F8B-4C14-ABFD-E78C0AAAA806}.Release|Any CPU.Build.0 = Release|Any CPU
		{2B66F6CC-4A72-4B59-B4FC-7E9719297188}.Debug|Any CPU.ActiveCfg = Debug|Any CPU
		{2B66F6CC-4A72-4B59-B4FC-7E9719297188}.Debug|Any CPU.Build.0 = Debug|Any CPU
		{2B66F6CC-4A72-4B59-B4FC-7E9719297188}.Release|Any CPU.ActiveCfg = Release|Any CPU
		{2B66F6CC-4A72-4B59-B4FC-7E9719297188}.Release|Any CPU.Build.0 = Release|Any CPU
		{98C6DF6C-5E65-4C4C-9B1E-5ACAAD5D43B8}.Debug|Any CPU.ActiveCfg = Debug|Any CPU
		{98C6DF6C-5E65-4C4C-9B1E-5ACAAD5D43B8}.Debug|Any CPU.Build.0 = Debug|Any CPU
		{98C6DF6C-5E65-4C4C-9B1E-5ACAAD5D43B8}.Release|Any CPU.ActiveCfg = Release|Any CPU
		{98C6DF6C-5E65-4C4C-9B1E-5ACAAD5D43B8}.Release|Any CPU.Build.0 = Release|Any CPU
		{8573B83C-D63D-42B6-B54A-2577A339518B}.Debug|Any CPU.ActiveCfg = Debug|Any CPU
		{8573B83C-D63D-42B6-B54A-2577A339518B}.Debug|Any CPU.Build.0 = Debug|Any CPU
		{8573B83C-D63D-42B6-B54A-2577A339518B}.Release|Any CPU.ActiveCfg = Release|Any CPU
		{8573B83C-D63D-42B6-B54A-2577A339518B}.Release|Any CPU.Build.0 = Release|Any CPU
		{DC265555-B436-4038-9B8D-24871CFF1A31}.Debug|Any CPU.ActiveCfg = Debug|Any CPU
		{DC265555-B436-4038-9B8D-24871CFF1A31}.Debug|Any CPU.Build.0 = Debug|Any CPU
		{DC265555-B436-4038-9B8D-24871CFF1A31}.Release|Any CPU.ActiveCfg = Release|Any CPU
		{DC265555-B436-4038-9B8D-24871CFF1A31}.Release|Any CPU.Build.0 = Release|Any CPU
		{D14C7699-9BB2-4D7F-83D7-E824003C0C3D}.Debug|Any CPU.ActiveCfg = Debug|Any CPU
		{D14C7699-9BB2-4D7F-83D7-E824003C0C3D}.Debug|Any CPU.Build.0 = Debug|Any CPU
		{D14C7699-9BB2-4D7F-83D7-E824003C0C3D}.Release|Any CPU.ActiveCfg = Release|Any CPU
		{D14C7699-9BB2-4D7F-83D7-E824003C0C3D}.Release|Any CPU.Build.0 = Release|Any CPU
	EndGlobalSection
EndGlobal
